
Microsoft Visual Studio Solution File, Format Version 12.00
# Visual Studio Version 16
VisualStudioVersion = 16.0.31321.278
MinimumVisualStudioVersion = 10.0.40219.1
Project("{FAE04EC0-301F-11D3-BF4B-00C04F79EFBC}") = "OdeToFood.Web", "OdeToFood.Web\OdeToFood.Web.csproj", "{CAC3A30A-467C-4A24-93C7-887E191FFFB8}"
EndProject
Project("{FAE04EC0-301F-11D3-BF4B-00C04F79EFBC}") = "OdeToFood.Data", "OdeToFood.Data\OdeToFood.Data.csproj", "{81EF3442-1314-48D6-B207-EE0F319AE65C}"
EndProject
Global
	GlobalSection(SolutionConfigurationPlatforms) = preSolution
		Debug|Any CPU = Debug|Any CPU
		Release|Any CPU = Release|Any CPU
	EndGlobalSection
	GlobalSection(ProjectConfigurationPlatforms) = postSolution
		{CAC3A30A-467C-4A24-93C7-887E191FFFB8}.Debug|Any CPU.ActiveCfg = Debug|Any CPU
		{CAC3A30A-467C-4A24-93C7-887E191FFFB8}.Debug|Any CPU.Build.0 = Debug|Any CPU
		{CAC3A30A-467C-4A24-93C7-887E191FFFB8}.Release|Any CPU.ActiveCfg = Release|Any CPU
		{CAC3A30A-467C-4A24-93C7-887E191FFFB8}.Release|Any CPU.Build.0 = Release|Any CPU
		{81EF3442-1314-48D6-B207-EE0F319AE65C}.Debug|Any CPU.ActiveCfg = Debug|Any CPU
		{81EF3442-1314-48D6-B207-EE0F319AE65C}.Debug|Any CPU.Build.0 = Debug|Any CPU
		{81EF3442-1314-48D6-B207-EE0F319AE65C}.Release|Any CPU.ActiveCfg = Release|Any CPU
		{81EF3442-1314-48D6-B207-EE0F319AE65C}.Release|Any CPU.Build.0 = Release|Any CPU
	EndGlobalSection
	GlobalSection(SolutionProperties) = preSolution
		HideSolutionNode = FALSE
	EndGlobalSection
	GlobalSection(ExtensibilityGlobals) = postSolution
		SolutionGuid = {DD177E36-30ED-4B33-A308-B313F5110D87}
	EndGlobalSection
EndGlobal
